
Microsoft Visual Studio Solution File, Format Version 12.00
Project("{FAE04EC0-301F-11D3-BF4B-00C04F79EFBC}") = "Hello world", "Hello world\Hello world.csproj", "{9EEAA3DB-69F1-4658-B6A0-89C45615E66C}"
EndProject
Global
	GlobalSection(SolutionConfigurationPlatforms) = preSolution
		Debug|Any CPU = Debug|Any CPU
		Release|Any CPU = Release|Any CPU
	EndGlobalSection
	GlobalSection(ProjectConfigurationPlatforms) = postSolution
		{9EEAA3DB-69F1-4658-B6A0-89C45615E66C}.Debug|Any CPU.ActiveCfg = Debug|Any CPU
		{9EEAA3DB-69F1-4658-B6A0-89C45615E66C}.Debug|Any CPU.Build.0 = Debug|Any CPU
		{9EEAA3DB-69F1-4658-B6A0-89C45615E66C}.Release|Any CPU.ActiveCfg = Release|Any CPU
		{9EEAA3DB-69F1-4658-B6A0-89C45615E66C}.Release|Any CPU.Build.0 = Release|Any CPU
	EndGlobalSection
EndGlobal
